<?xml version="1.0" encoding="utf-8"?>
<Project xmlns="http://schemas.microsoft.com/developer/msbuild/2003">
  <PropertyGroup>
    <ProjectGuid>{ab9c86e5-c0a6-4490-8631-37a1015a2b27}</ProjectGuid>
    <Configuration Condition=" '$(Configuration)' == '' ">Release</Configuration>
    <Platform Condition=" '$(Platform)' == '' ">AnyCPU</Platform>
    <DCC_DCCCompiler>DCC32</DCC_DCCCompiler>
    <DCC_DependencyCheckOutputName>c:\testes\enterpro\enterpro.exe</DCC_DependencyCheckOutputName>
    <MainSource>enterpro.dpr</MainSource>
  </PropertyGroup>
  <PropertyGroup Condition=" '$(Configuration)|$(Platform)' == 'Release|AnyCPU' ">
    <Version>7.0</Version>
    <DCC_DebugInformation>False</DCC_DebugInformation>
    <DCC_LocalDebugSymbols>False</DCC_LocalDebugSymbols>
    <DCC_SymbolReferenceInfo>0</DCC_SymbolReferenceInfo>
    <DCC_Define>RELEASE</DCC_Define>
    <DCC_ExeOutput>c:\testes\enterpro</DCC_ExeOutput>
    <DCC_DcuOutput>c:\Windows\Temp</DCC_DcuOutput>
    <DCC_ObjOutput>c:\Windows\Temp</DCC_ObjOutput>
    <DCC_HppOutput>c:\Windows\Temp</DCC_HppOutput>
  </PropertyGroup>
  <PropertyGroup Condition=" '$(Configuration)|$(Platform)' == 'Debug|AnyCPU' ">
    <Version>7.0</Version>
    <DCC_Define>DEBUG</DCC_Define>
    <DCC_ExeOutput>c:\testes\enterpro</DCC_ExeOutput>
    <DCC_DcuOutput>c:\Windows\Temp</DCC_DcuOutput>
    <DCC_ObjOutput>c:\Windows\Temp</DCC_ObjOutput>
    <DCC_HppOutput>c:\Windows\Temp</DCC_HppOutput>
  </PropertyGroup>
  <ProjectExtensions>
    <Borland.Personality>Delphi.Personality</Borland.Personality>
    <Borland.ProjectType />
    <BorlandProject>
<BorlandProject><Delphi.Personality><Parameters><Parameters Name="UseLauncher">False</Parameters><Parameters Name="LoadAllSymbols">True</Parameters><Parameters Name="LoadUnspecifiedSymbols">False</Parameters></Parameters><VersionInfo><VersionInfo Name="IncludeVerInfo">True</VersionInfo><VersionInfo Name="AutoIncBuild">False</VersionInfo><VersionInfo Name="MajorVer">1</VersionInfo><VersionInfo Name="MinorVer">0</VersionInfo><VersionInfo Name="Release">0</VersionInfo><VersionInfo Name="Build">0</VersionInfo><VersionInfo Name="Debug">False</VersionInfo><VersionInfo Name="PreRelease">False</VersionInfo><VersionInfo Name="Special">False</VersionInfo><VersionInfo Name="Private">False</VersionInfo><VersionInfo Name="DLL">False</VersionInfo><VersionInfo Name="Locale">1046</VersionInfo><VersionInfo Name="CodePage">1252</VersionInfo></VersionInfo><VersionInfoKeys><VersionInfoKeys Name="CompanyName"></VersionInfoKeys><VersionInfoKeys Name="FileDescription"></VersionInfoKeys><VersionInfoKeys Name="FileVersion">1.0.0.0</VersionInfoKeys><VersionInfoKeys Name="InternalName"></VersionInfoKeys><VersionInfoKeys Name="LegalCopyright"></VersionInfoKeys><VersionInfoKeys Name="LegalTrademarks"></VersionInfoKeys><VersionInfoKeys Name="OriginalFilename"></VersionInfoKeys><VersionInfoKeys Name="ProductName"></VersionInfoKeys><VersionInfoKeys Name="ProductVersion">1.0.0.0</VersionInfoKeys><VersionInfoKeys Name="Comments"></VersionInfoKeys></VersionInfoKeys><Excluded_Packages /><Source><Source Name="MainSource">enterpro.dpr</Source></Source></Delphi.Personality></BorlandProject></BorlandProject>
  </ProjectExtensions>
  <Import Project="$(MSBuildBinPath)\Borland.Delphi.Targets" />
  <ItemGroup>
    <DelphiCompile Include="enterpro.dpr">
      <MainSource>MainSource</MainSource>
    </DelphiCompile>
    <DCCReference Include="dialogo\atualizar.pas">
      <Form>formAtualizar</Form>
    </DCCReference>
    <DCCReference Include="dialogo\entrar.pas">
      <Form>formEntrar</Form>
    </DCCReference>
    <DCCReference Include="dialogo\pergunta.pas">
      <Form>formPergunta</Form>
    </DCCReference>
    <DCCReference Include="dialogo\sobre.pas">
      <Form>formSobre</Form>
    </DCCReference>
    <DCCReference Include="funcoes\funcoes.pas" />
    <DCCReference Include="principal\principal.pas">
      <Form>formPrincipal</Form>
    </DCCReference>
    <DCCReference Include="repositorio\modelo_cad.pas">
      <Form>formModeloCad</Form>
    </DCCReference>
    <DCCReference Include="repositorio\modelo_data.pas">
      <Form>dataModelo</Form>
      <DesignClass>TDataModule</DesignClass>
    </DCCReference>
    <DCCReference Include="repositorio\modelo_datacad.pas">
      <Form>dataModeloCad</Form>
      <DesignClass>TDataModule</DesignClass>
    </DCCReference>
    <DCCReference Include="repositorio\modelo_diag.pas">
      <Form>formModeloDiag</Form>
    </DCCReference>
    <DCCReference Include="repositorio\modelo_form.pas">
      <Form>FormModeloForm</Form>
    </DCCReference>
    <DCCReference Include="repositorio\modelo_sel.pas">
      <Form>formModeloSel</Form>
    </DCCReference>
    <DCCReference Include="teste\data_teste.pas">
      <Form>dataTeste</Form>
      <DesignClass>TDataModule</DesignClass>
    </DCCReference>
    <DCCReference Include="teste\teste_cad.pas">
      <Form>formCadTeste</Form>
    </DCCReference>
    <DCCReference Include="teste\teste_sel.pas">
      <Form>formSelTeste</Form>
    </DCCReference>
  </ItemGroup>
</Project>
<!-- EurekaLog First Line
[Exception Log]
EurekaLog Version=7001
DeleteMapAfterCompile=1
EurekaLog Last Line -->
